<?xml version="1.0" encoding="utf-8"?>
<Project ToolsVersion="4.0" xmlns="http://schemas.microsoft.com/developer/msbuild/2003">
  <ItemGroup>
    <ClCompile Include="game.cpp">
      <Filter>Source</Filter>
    </ClCompile>
    <ClCompile Include="globals.cpp">
      <Filter>Source</Filter>
    </ClCompile>
    <ClCompile Include="group.cpp">
      <Filter>Source</Filter>
    </ClCompile>
    <ClCompile Include="player.cpp">
      <Filter>Source</Filter>
    </ClCompile>
    <ClCompile Include="scripts.cpp">
      <Filter>Source</Filter>
    </ClCompile>
    <ClCompile Include="utility.cpp">
      <Filter>Source</Filter>
    </ClCompile>
    <ClCompile Include="ally.cpp">
      <Filter>Source\Entities</Filter>
    </ClCompile>
    <ClCompile Include="enemy.cpp">
      <Filter>Source\Entities</Filter>
    </ClCompile>
  </ItemGroup>
  <ItemGroup>
    <ClInclude Include="globals.h">
      <Filter>Headers</Filter>
    </ClInclude>
    <ClInclude Include="group.h">
      <Filter>Headers</Filter>
    </ClInclude>
    <ClInclude Include="player.h">
      <Filter>Headers</Filter>
    </ClInclude>
    <ClInclude Include="scripts.h">
      <Filter>Headers</Filter>
    </ClInclude>
    <ClInclude Include="utility.h">
      <Filter>Headers</Filter>
    </ClInclude>
    <ClInclude Include="ally.h">
      <Filter>Headers\Entities</Filter>
    </ClInclude>
    <ClInclude Include="enemy.h">
      <Filter>Headers\Entities</Filter>
    </ClInclude>
    <ClInclude Include="entity.h">
      <Filter>Headers\Entities</Filter>
    </ClInclude>
  </ItemGroup>
  <ItemGroup>
    <Image Include="Sprites\enemy_ship.png">
      <Filter>Resources</Filter>
    </Image>
    <Image Include="Sprites\player_ship.png">
      <Filter>Resources</Filter>
    </Image>
  </ItemGroup>
  <ItemGroup>
    <Text Include="Notes.txt" />
  </ItemGroup>
  <ItemGroup>
    <Filter Include="Headers">
      <UniqueIdentifier>{e19ff96c-86ed-4c12-8fe8-fd90db08b8fd}</UniqueIdentifier>
    </Filter>
    <Filter Include="Source">
      <UniqueIdentifier>{a4f99c26-9562-42fc-8d13-601a0d1b7c2b}</UniqueIdentifier>
    </Filter>
    <Filter Include="Resources">
      <UniqueIdentifier>{ba032d83-ea6d-4a6f-8ec0-158fb9800389}</UniqueIdentifier>
    </Filter>
    <Filter Include="Headers\Entities">
      <UniqueIdentifier>{7c074720-6c3b-4dc2-bb04-1e856502089f}</UniqueIdentifier>
    </Filter>
    <Filter Include="Source\Entities">
      <UniqueIdentifier>{68315107-a123-4d18-92ea-24d8b481e3b8}</UniqueIdentifier>
    </Filter>
  </ItemGroup>
</Project>